
Microsoft Visual Studio Solution File, Format Version 12.00
# Visual Studio 14
VisualStudioVersion = 14.0.25420.1
MinimumVisualStudioVersion = 10.0.40219.1
Project("{FAE04EC0-301F-11D3-BF4B-00C04F79EFBC}") = "InterProPruebasAutomatizadas", "InterProPruebasAutomatizadas\InterProPruebasAutomatizadas.csproj", "{0E25D29D-08D2-4E78-A9CF-A1ED28A747BD}"
EndProject
Project("{FAE04EC0-301F-11D3-BF4B-00C04F79EFBC}") = "InterProHerramientas", "InterProHerramientas\InterProHerramientas.csproj", "{89D66066-508B-4BA2-BE58-2D455D7D7AB3}"
EndProject
Global
	GlobalSection(SolutionConfigurationPlatforms) = preSolution
		Debug|Any CPU = Debug|Any CPU
		Release|Any CPU = Release|Any CPU
	EndGlobalSection
	GlobalSection(ProjectConfigurationPlatforms) = postSolution
		{0E25D29D-08D2-4E78-A9CF-A1ED28A747BD}.Debug|Any CPU.ActiveCfg = Debug|Any CPU
		{0E25D29D-08D2-4E78-A9CF-A1ED28A747BD}.Debug|Any CPU.Build.0 = Debug|Any CPU
		{0E25D29D-08D2-4E78-A9CF-A1ED28A747BD}.Release|Any CPU.ActiveCfg = Release|Any CPU
		{0E25D29D-08D2-4E78-A9CF-A1ED28A747BD}.Release|Any CPU.Build.0 = Release|Any CPU
		{89D66066-508B-4BA2-BE58-2D455D7D7AB3}.Debug|Any CPU.ActiveCfg = Debug|Any CPU
		{89D66066-508B-4BA2-BE58-2D455D7D7AB3}.Debug|Any CPU.Build.0 = Debug|Any CPU
		{89D66066-508B-4BA2-BE58-2D455D7D7AB3}.Release|Any CPU.ActiveCfg = Release|Any CPU
		{89D66066-508B-4BA2-BE58-2D455D7D7AB3}.Release|Any CPU.Build.0 = Release|Any CPU
	EndGlobalSection
	GlobalSection(SolutionProperties) = preSolution
		HideSolutionNode = FALSE
	EndGlobalSection
EndGlobal
